// !$*UTF8*$!
{
	archiveVersion = 1;
	classes = {
	};
	objectVersion = 50;
	objects = {

/* Begin PBXBuildFile section */
		AB29906E23E3107200F960F1 /* AppDelegate.swift in Sources */ = {isa = PBXBuildFile; fileRef = AB29906D23E3107200F960F1 /* AppDelegate.swift */; };
		AB29907023E3107200F960F1 /* SceneDelegate.swift in Sources */ = {isa = PBXBuildFile; fileRef = AB29906F23E3107200F960F1 /* SceneDelegate.swift */; };
		AB29907323E3107200F960F1 /* TabbarExample.xcdatamodeld in Sources */ = {isa = PBXBuildFile; fileRef = AB29907123E3107200F960F1 /* TabbarExample.xcdatamodeld */; };
		AB29907523E3107200F960F1 /* ContentView.swift in Sources */ = {isa = PBXBuildFile; fileRef = AB29907423E3107200F960F1 /* ContentView.swift */; };
		AB29907723E3107600F960F1 /* Assets.xcassets in Resources */ = {isa = PBXBuildFile; fileRef = AB29907623E3107600F960F1 /* Assets.xcassets */; };
		AB29907A23E3107600F960F1 /* Preview Assets.xcassets in Resources */ = {isa = PBXBuildFile; fileRef = AB29907923E3107600F960F1 /* Preview Assets.xcassets */; };
		AB29907D23E3107600F960F1 /* LaunchScreen.storyboard in Resources */ = {isa = PBXBuildFile; fileRef = AB29907B23E3107600F960F1 /* LaunchScreen.storyboard */; };
/* End PBXBuildFile section */

/* Begin PBXFileReference section */
		AB29906A23E3107200F960F1 /* TabbarExample.app */ = {isa = PBXFileReference; explicitFileType = wrapper.application; includeInIndex = 0; path = TabbarExample.app; sourceTree = BUILT_PRODUCTS_DIR; };
		AB29906D23E3107200F960F1 /* AppDelegate.swift */ = {isa = PBXFileReference; lastKnownFileType = sourcecode.swift; path = AppDelegate.swift; sourceTree = "<group>"; };
		AB29906F23E3107200F960F1 /* SceneDelegate.swift */ = {isa = PBXFileReference; lastKnownFileType = sourcecode.swift; path = SceneDelegate.swift; sourceTree = "<group>"; };
		AB29907223E3107200F960F1 /* TabbarExample.xcdatamodel */ = {isa = PBXFileReference; lastKnownFileType = wrapper.xcdatamodel; path = TabbarExample.xcdatamodel; sourceTree = "<group>"; };
		AB29907423E3107200F960F1 /* ContentView.swift */ = {isa = PBXFileReference; lastKnownFileType = sourcecode.swift; path = ContentView.swift; sourceTree = "<group>"; };
		AB29907623E3107600F960F1 /* Assets.xcassets */ = {isa = PBXFileReference; lastKnownFileType = folder.assetcatalog; path = Assets.xcassets; sourceTree = "<group>"; };
		AB29907923E3107600F960F1 /* Preview Assets.xcassets */ = {isa = PBXFileReference; lastKnownFileType = folder.assetcatalog; path = "Preview Assets.xcassets"; sourceTree = "<group>"; };
		AB29907C23E3107600F960F1 /* Base */ = {isa = PBXFileReference; lastKnownFileType = file.storyboard; name = Base; path = Base.lproj/LaunchScreen.storyboard; sourceTree = "<group>"; };
		AB29907E23E3107600F960F1 /* Info.plist */ = {isa = PBXFileReference; lastKnownFileType = text.plist.xml; path = Info.plist; sourceTree = "<group>"; };
/* End PBXFileReference section */

/* Begin PBXFrameworksBuildPhase section */
		AB29906723E3107200F960F1 /* Frameworks */ = {
			isa = PBXFrameworksBuildPhase;
			buildActionMask = 2147483647;
			files = (
			);
			runOnlyForDeploymentPostprocessing = 0;
		};
/* End PBXFrameworksBuildPhase section */

/* Begin PBXGroup section */
		AB29906123E3107200F960F1 = {
			isa = PBXGroup;
			children = (
				AB29906C23E3107200F960F1 /* TabbarExample */,
				AB29906B23E3107200F960F1 /* Products */,
			);
			sourceTree = "<group>";
		};
		AB29906B23E3107200F960F1 /* Products */ = {
			isa = PBXGroup;
			children = (
				AB29906A23E3107200F960F1 /* TabbarExample.app */,
			);
			name = Products;
			sourceTree = "<group>";
		};
		AB29906C23E3107200F960F1 /* TabbarExample */ = {
			isa = PBXGroup;
			children = (
				AB29906D23E3107200F960F1 /* AppDelegate.swift */,
				AB29906F23E3107200F960F1 /* SceneDelegate.swift */,
				AB29907423E3107200F960F1 /* ContentView.swift */,
				AB29907623E3107600F960F1 /* Assets.xcassets */,
				AB29907B23E3107600F960F1 /* LaunchScreen.storyboard */,
				AB29907E23E3107600F960F1 /* Info.plist */,
				AB29907123E3107200F960F1 /* TabbarExample.xcdatamodeld */,
				AB29907823E3107600F960F1 /* Preview Content */,
			);
			path = TabbarExample;
			sourceTree = "<group>";
		};
		AB29907823E3107600F960F1 /* Preview Content */ = {
			isa = PBXGroup;
			children = (
				AB29907923E3107600F960F1 /* Preview Assets.xcassets */,
			);
			path = "Preview Content";
			sourceTree = "<group>";
		};
/* End PBXGroup section */

/* Begin PBXNativeTarget section */
		AB29906923E3107200F960F1 /* TabbarExample */ = {
			isa = PBXNativeTarget;
			buildConfigurationList = AB29908123E3107600F960F1 /* Build configuration list for PBXNativeTarget "TabbarExample" */;
			buildPhases = (
				AB29906623E3107200F960F1 /* Sources */,
				AB29906723E3107200F960F1 /* Frameworks */,
				AB29906823E3107200F960F1 /* Resources */,
			);
			buildRules = (
			);
			dependencies = (
			);
			name = TabbarExample;
			productName = TabbarExample;
			productReference = AB29906A23E3107200F960F1 /* TabbarExample.app */;
			productType = "com.apple.product-type.application";
		};
/* End PBXNativeTarget section */

/* Begin PBXProject section */
		AB29906223E3107200F960F1 /* Project object */ = {
			isa = PBXProject;
			attributes = {
				LastSwiftUpdateCheck = 1130;
				LastUpgradeCheck = 1130;
				ORGANIZATIONNAME = "Talha Ayar";
				TargetAttributes = {
					AB29906923E3107200F960F1 = {
						CreatedOnToolsVersion = 11.3.1;
					};
				};
			};
			buildConfigurationList = AB29906523E3107200F960F1 /* Build configuration list for PBXProject "TabbarExample" */;
			compatibilityVersion = "Xcode 9.3";
			developmentRegion = en;
			hasScannedForEncodings = 0;
			knownRegions = (
				en,
				Base,
			);
			mainGroup = AB29906123E3107200F960F1;
			productRefGroup = AB29906B23E3107200F960F1 /* Products */;
			projectDirPath = "";
			projectRoot = "";
			targets = (
				AB29906923E3107200F960F1 /* TabbarExample */,
			);
		};
/* End PBXProject section */

/* Begin PBXResourcesBuildPhase section */
		AB29906823E3107200F960F1 /* Resources */ = {
			isa = PBXResourcesBuildPhase;
			buildActionMask = 2147483647;
			files = (
				AB29907D23E3107600F960F1 /* LaunchScreen.storyboard in Resources */,
				AB29907A23E3107600F960F1 /* Preview Assets.xcassets in Resources */,
				AB29907723E3107600F960F1 /* Assets.xcassets in Resources */,
			);
			runOnlyForDeploymentPostprocessing = 0;
		};
/* End PBXResourcesBuildPhase section */

/* Begin PBXSourcesBuildPhase section */
		AB29906623E3107200F960F1 /* Sources */ = {
			isa = PBXSourcesBuildPhase;
			buildActionMask = 2147483647;
			files = (
				AB29906E23E3107200F960F1 /* AppDelegate.swift in Sources */,
				AB29907323E3107200F960F1 /* TabbarExample.xcdatamodeld in Sources */,
				AB29907523E3107200F960F1 /* ContentView.swift in Sources */,
				AB29907023E3107200F960F1 /* SceneDelegate.swift in Sources */,
			);
			runOnlyForDeploymentPostprocessing = 0;
		};
/* End PBXSourcesBuildPhase section */

/* Begin PBXVariantGroup section */
		AB29907B23E3107600F960F1 /* LaunchScreen.storyboard */ = {
			isa = PBXVariantGroup;
			children = (
				AB29907C23E3107600F960F1 /* Base */,
			);
			name = LaunchScreen.storyboard;
			sourceTree = "<group>";
		};
/* End PBXVariantGroup section */

/* Begin XCBuildConfiguration section */
		AB29907F23E3107600F960F1 /* Debug */ = {
			isa = XCBuildConfiguration;
			buildSettings = {
				ALWAYS_SEARCH_USER_PATHS = NO;
				CLANG_ANALYZER_NONNULL = YES;
				CLANG_ANALYZER_NUMBER_OBJECT_CONVERSION = YES_AGGRESSIVE;
				CLANG_CXX_LANGUAGE_STANDARD = "gnu++14";
				CLANG_CXX_LIBRARY = "libc++";
				CLANG_ENABLE_MODULES = YES;
				CLANG_ENABLE_OBJC_ARC = YES;
				CLANG_ENABLE_OBJC_WEAK = YES;
				CLANG_WARN_BLOCK_CAPTURE_AUTORELEASING = YES;
				CLANG_WARN_BOOL_CONVERSION = YES;
				CLANG_WARN_COMMA = YES;
				CLANG_WARN_CONSTANT_CONVERSION = YES;
				CLANG_WARN_DEPRECATED_OBJC_IMPLEMENTATIONS = YES;
				CLANG_WARN_DIRECT_OBJC_ISA_USAGE = YES_ERROR;
				CLANG_WARN_DOCUMENTATION_COMMENTS = YES;
				CLANG_WARN_EMPTY_BODY = YES;
				CLANG_WARN_ENUM_CONVERSION = YES;
				CLANG_WARN_INFINITE_RECURSION = YES;
				CLANG_WARN_INT_CONVERSION = YES;
				CLANG_WARN_NON_LITERAL_NULL_CONVERSION = YES;
				CLANG_WARN_OBJC_IMPLICIT_RETAIN_SELF = YES;
				CLANG_WARN_OBJC_LITERAL_CONVERSION = YES;
				CLANG_WARN_OBJC_ROOT_CLASS = YES_ERROR;
				CLANG_WARN_RANGE_LOOP_ANALYSIS = YES;
				CLANG_WARN_STRICT_PROTOTYPES = YES;
				CLANG_WARN_SUSPICIOUS_MOVE = YES;
				CLANG_WARN_UNGUARDED_AVAILABILITY = YES_AGGRESSIVE;
				CLANG_WARN_UNREACHABLE_CODE = YES;
				CLANG_WARN__DUPLICATE_METHOD_MATCH = YES;
				COPY_PHASE_STRIP = NO;
				DEBUG_INFORMATION_FORMAT = dwarf;
				ENABLE_STRICT_OBJC_MSGSEND = YES;
				ENABLE_TESTABILITY = YES;
				GCC_C_LANGUAGE_STANDARD = gnu11;
				GCC_DYNAMIC_NO_PIC = NO;
				GCC_NO_COMMON_BLOCKS = YES;
				GCC_OPTIMIZATION_LEVEL = 0;
				GCC_PREPROCESSOR_DEFINITIONS = (
					"DEBUG=1",
					"$(inherited)",
				);
				GCC_WARN_64_TO_32_BIT_CONVERSION = YES;
				GCC_WARN_ABOUT_RETURN_TYPE = YES_ERROR;
				GCC_WARN_UNDECLARED_SELECTOR = YES;
				GCC_WARN_UNINITIALIZED_AUTOS = YES_AGGRESSIVE;
				GCC_WARN_UNUSED_FUNCTION = YES;
				GCC_WARN_UNUSED_VARIABLE = YES;
				IPHONEOS_DEPLOYMENT_TARGET = 13.2;
				MTL_ENABLE_DEBUG_INFO = INCLUDE_SOURCE;
				MTL_FAST_MATH = YES;
				ONLY_ACTIVE_ARCH = YES;
				SDKROOT = iphoneos;
				SWIFT_ACTIVE_COMPILATION_CONDITIONS = DEBUG;
				SWIFT_OPTIMIZATION_LEVEL = "-Onone";
			};
			name = Debug;
		};
		AB29908023E3107600F960F1 /* Release */ = {
			isa = XCBuildConfiguration;
			buildSettings = {
				ALWAYS_SEARCH_USER_PATHS = NO;
				CLANG_ANALYZER_NONNULL = YES;
				CLANG_ANALYZER_NUMBER_OBJECT_CONVERSION = YES_AGGRESSIVE;
				CLANG_CXX_LANGUAGE_STANDARD = "gnu++14";
				CLANG_CXX_LIBRARY = "libc++";
				CLANG_ENABLE_MODULES = YES;
				CLANG_ENABLE_OBJC_ARC = YES;
				CLANG_ENABLE_OBJC_WEAK = YES;
				CLANG_WARN_BLOCK_CAPTURE_AUTORELEASING = YES;
				CLANG_WARN_BOOL_CONVERSION = YES;
				CLANG_WARN_COMMA = YES;
				CLANG_WARN_CONSTANT_CONVERSION = YES;
				CLANG_WARN_DEPRECATED_OBJC_IMPLEMENTATIONS = YES;
				CLANG_WARN_DIRECT_OBJC_ISA_USAGE = YES_ERROR;
				CLANG_WARN_DOCUMENTATION_COMMENTS = YES;
				CLANG_WARN_EMPTY_BODY = YES;
				CLANG_WARN_ENUM_CONVERSION = YES;
				CLANG_WARN_INFINITE_RECURSION = YES;
				CLANG_WARN_INT_CONVERSION = YES;
				CLANG_WARN_NON_LITERAL_NULL_CONVERSION = YES;
				CLANG_WARN_OBJC_IMPLICIT_RETAIN_SELF = YES;
				CLANG_WARN_OBJC_LITERAL_CONVERSION = YES;
				CLANG_WARN_OBJC_ROOT_CLASS = YES_ERROR;
				CLANG_WARN_RANGE_LOOP_ANALYSIS = YES;
				CLANG_WARN_STRICT_PROTOTYPES = YES;
				CLANG_WARN_SUSPICIOUS_MOVE = YES;
				CLANG_WARN_UNGUARDED_AVAILABILITY = YES_AGGRESSIVE;
				CLANG_WARN_UNREACHABLE_CODE = YES;
				CLANG_WARN__DUPLICATE_METHOD_MATCH = YES;
				COPY_PHASE_STRIP = NO;
				DEBUG_INFORMATION_FORMAT = "dwarf-with-dsym";
				ENABLE_NS_ASSERTIONS = NO;
				ENABLE_STRICT_OBJC_MSGSEND = YES;
				GCC_C_LANGUAGE_STANDARD = gnu11;
				GCC_NO_COMMON_BLOCKS = YES;
				GCC_WARN_64_TO_32_BIT_CONVERSION = YES;
				GCC_WARN_ABOUT_RETURN_TYPE = YES_ERROR;
				GCC_WARN_UNDECLARED_SELECTOR = YES;
				GCC_WARN_UNINITIALIZED_AUTOS = YES_AGGRESSIVE;
				GCC_WARN_UNUSED_FUNCTION = YES;
				GCC_WARN_UNUSED_VARIABLE = YES;
				IPHONEOS_DEPLOYMENT_TARGET = 13.2;
				MTL_ENABLE_DEBUG_INFO = NO;
				MTL_FAST_MATH = YES;
				SDKROOT = iphoneos;
				SWIFT_COMPILATION_MODE = wholemodule;
				SWIFT_OPTIMIZATION_LEVEL = "-O";
				VALIDATE_PRODUCT = YES;
			};
			name = Release;
		};
		AB29908223E3107600F960F1 /* Debug */ = {
			isa = XCBuildConfiguration;
			buildSettings = {
				ASSETCATALOG_COMPILER_APPICON_NAME = AppIcon;
				CODE_SIGN_STYLE = Automatic;
				DEVELOPMENT_ASSET_PATHS = "\"TabbarExample/Preview Content\"";
				DEVELOPMENT_TEAM = RF5UTFUJZX;
				ENABLE_PREVIEWS = YES;
				INFOPLIST_FILE = TabbarExample/Info.plist;
				LD_RUNPATH_SEARCH_PATHS = (
					"$(inherited)",
					"@executable_path/Frameworks",
				);
				PRODUCT_BUNDLE_IDENTIFIER = naylalabs.TabbarExample;
				PRODUCT_NAME = "$(TARGET_NAME)";
				SWIFT_VERSION = 5.0;
				TARGETED_DEVICE_FAMILY = "1,2";
			};
			name = Debug;
		};
		AB29908323E3107600F960F1 /* Release */ = {
			isa = XCBuildConfiguration;
			buildSettings = {
				ASSETCATALOG_COMPILER_APPICON_NAME = AppIcon;
				CODE_SIGN_STYLE = Automatic;
				DEVELOPMENT_ASSET_PATHS = "\"TabbarExample/Preview Content\"";
				DEVELOPMENT_TEAM = RF5UTFUJZX;
				ENABLE_PREVIEWS = YES;
				INFOPLIST_FILE = TabbarExample/Info.plist;
				LD_RUNPATH_SEARCH_PATHS = (
					"$(inherited)",
					"@executable_path/Frameworks",
				);
				PRODUCT_BUNDLE_IDENTIFIER = naylalabs.TabbarExample;
				PRODUCT_NAME = "$(TARGET_NAME)";
				SWIFT_VERSION = 5.0;
				TARGETED_DEVICE_FAMILY = "1,2";
			};
			name = Release;
		};
/* End XCBuildConfiguration section */

/* Begin XCConfigurationList section */
		AB29906523E3107200F960F1 /* Build configuration list for PBXProject "TabbarExample" */ = {
			isa = XCConfigurationList;
			buildConfigurations = (
				AB29907F23E3107600F960F1 /* Debug */,
				AB29908023E3107600F960F1 /* Release */,
			);
			defaultConfigurationIsVisible = 0;
			defaultConfigurationName = Release;
		};
		AB29908123E3107600F960F1 /* Build configuration list for PBXNativeTarget "TabbarExample" */ = {
			isa = XCConfigurationList;
			buildConfigurations = (
				AB29908223E3107600F960F1 /* Debug */,
				AB29908323E3107600F960F1 /* Release */,
			);
			defaultConfigurationIsVisible = 0;
			defaultConfigurationName = Release;
		};
/* End XCConfigurationList section */

/* Begin XCVersionGroup section */
		AB29907123E3107200F960F1 /* TabbarExample.xcdatamodeld */ = {
			isa = XCVersionGroup;
			children = (
				AB29907223E3107200F960F1 /* TabbarExample.xcdatamodel */,
			);
			currentVersion = AB29907223E3107200F960F1 /* TabbarExample.xcdatamodel */;
			path = TabbarExample.xcdatamodeld;
			sourceTree = "<group>";
			versionGroupType = wrapper.xcdatamodel;
		};
/* End XCVersionGroup section */
	};
	rootObject = AB29906223E3107200F960F1 /* Project object */;
}
